
Microsoft Visual Studio Solution File, Format Version 11.00
# Visual Studio 2010
Project("{FAE04EC0-301F-11D3-BF4B-00C04F79EFBC}") = "CSE2102v1.3", "Assembly-CSharp-firstpass.csproj", "{8824D84B-C644-DD93-CA93-B11576CE8699}"
EndProject
Project("{FAE04EC0-301F-11D3-BF4B-00C04F79EFBC}") = "CSE2102v1.3", "Assembly-CSharp-Editor-firstpass.csproj", "{BFA2BF01-AA89-8F13-B0DF-44816AA76E44}"
EndProject
Global
	GlobalSection(SolutionConfigurationPlatforms) = preSolution
		Debug|Any CPU = Debug|Any CPU
		Release|Any CPU = Release|Any CPU
	EndGlobalSection
	GlobalSection(ProjectConfigurationPlatforms) = postSolution
		{8824D84B-C644-DD93-CA93-B11576CE8699}.Debug|Any CPU.ActiveCfg = Debug|Any CPU
		{8824D84B-C644-DD93-CA93-B11576CE8699}.Debug|Any CPU.Build.0 = Debug|Any CPU
		{8824D84B-C644-DD93-CA93-B11576CE8699}.Release|Any CPU.ActiveCfg = Release|Any CPU
		{8824D84B-C644-DD93-CA93-B11576CE8699}.Release|Any CPU.Build.0 = Release|Any CPU
		{BFA2BF01-AA89-8F13-B0DF-44816AA76E44}.Debug|Any CPU.ActiveCfg = Debug|Any CPU
		{BFA2BF01-AA89-8F13-B0DF-44816AA76E44}.Debug|Any CPU.Build.0 = Debug|Any CPU
		{BFA2BF01-AA89-8F13-B0DF-44816AA76E44}.Release|Any CPU.ActiveCfg = Release|Any CPU
		{BFA2BF01-AA89-8F13-B0DF-44816AA76E44}.Release|Any CPU.Build.0 = Release|Any CPU
	EndGlobalSection
	GlobalSection(SolutionProperties) = preSolution
		HideSolutionNode = FALSE
	EndGlobalSection
	GlobalSection(MonoDevelopProperties) = preSolution
		StartupItem = Assembly-CSharp.csproj
	EndGlobalSection
EndGlobal
